# This file is autogenerated, do not edit; changes may be undone by the next 'dep ensure'.


[[projects]]
  branch = "master"
  digest = "1:beabd9348749ce61f0cfa7593e923b3ca5a6c54e46a9778c487f32fa69a3a5c6"
  name = "github.com/chromedp/cdproto"
  packages = [
    ".",
    "accessibility",
    "animation",
    "applicationcache",
    "audits",
    "backgroundservice",
    "browser",
    "cachestorage",
    "cast",
    "cdp",
    "css",
    "database",
    "debugger",
    "deviceorientation",
    "dom",
    "domdebugger",
    "domsnapshot",
    "domstorage",
    "emulation",
    "fetch",
    "headlessexperimental",
    "heapprofiler",
    "indexeddb",
    "input",
    "inspector",
    "io",
    "layertree",
    "log",
    "memory",
    "network",
    "overlay",
    "page",
    "performance",
    "profiler",
    "runtime",
    "security",
    "serviceworker",
    "storage",
    "systeminfo",
    "target",
    "tethering",
    "tracing",
    "webaudio",
  ]
  pruneopts = "UT"
  revision = "d40c70bcdf242660a32f2eadf323662dd75378b5"

[[projects]]
  branch = "master"
  digest = "1:631f51a27c89371dea5495e51ebab968c4e3f9029f21b1845a1eb2ed1230c769"
  name = "github.com/chromedp/chromedp"
  packages = [
    ".",
    "kb",
  ]
  pruneopts = "UT"
  revision = "ca9bfb47ccefb31a5271f0d3c578aa35b508fe73"

[[projects]]
  digest = "1:47cebe27e59e4e0c239d0bf2419d6a46f0364a56efc43be702c32b82710b6ecf"
  name = "github.com/disintegration/imaging"
  packages = ["."]
  pruneopts = "UT"
  revision = "5362c131d56305ce787e79a5b94ffc956df00d62"
  version = "v1.6.0"

[[projects]]
  branch = "master"
  digest = "1:f14d1b50e0075fb00177f12a96dd7addf93d1e2883c25befd17285b779549795"
  name = "github.com/gopherjs/gopherjs"
  packages = ["js"]
  pruneopts = "UT"
  revision = "ce3c9ade29deed38a85f259f40e823cc17213830"

[[projects]]
  digest = "1:7b5c6e2eeaa9ae5907c391a91c132abfd5c9e8a784a341b5625e750c67e6825d"
  name = "github.com/gorilla/websocket"
  packages = ["."]
  pruneopts = "UT"
  revision = "66b9c49e59c6c48f0ffce28c2d8b8a5678502c6d"
  version = "v1.4.0"

[[projects]]
  digest = "1:4b63210654b1f2b664f74ec434a1bb1cb442b3d75742cc064a10808d1cca6361"
  name = "github.com/jtolds/gls"
  packages = ["."]
  pruneopts = "UT"
  revision = "b4936e06046bbecbb94cae9c18127ebe510a2cb9"
  version = "v4.20"

[[projects]]
  branch = "master"
  digest = "1:8cb15b21828b36ad568850d0ecb9340e22b148c8c6755f4a3d7918021bfc38a2"
  name = "github.com/knq/sysutil"
  packages = ["."]
  pruneopts = "UT"
  revision = "f05b59f0f3075ba1bc5701ef0df4393a05ebd0e7"

[[projects]]
  branch = "master"
  digest = "1:8a82e4b519fb94b83923e0a6fae6aced276c887781b94b6a00c90b3dad240ba1"
  name = "github.com/mailru/easyjson"
  packages = [
    ".",
    "buffer",
    "jlexer",
    "jwriter",
  ]
  pruneopts = "UT"
  revision = "1ea4449da9834f4d333f1cc461c374aea217d249"

[[projects]]
  digest = "1:237af0cf68bac89e21af72e6cd6b64f388854895e75f82ad08c6c011e1a8286c"
  name = "github.com/smartystreets/assertions"
  packages = [
    ".",
    "internal/go-diff/diffmatchpatch",
    "internal/go-render/render",
    "internal/oglematchers",
  ]
  pruneopts = "UT"
  revision = "f487f9de1cd36ebab28235b9373028812fb47cbd"
  version = "1.10.1"

[[projects]]
  digest = "1:483aa658b8b58e357a07ebdfcbcb0202b46f0c0f91e9b63c8807f7d4f5cd30f9"
  name = "github.com/smartystreets/goconvey"
  packages = [
    "convey",
    "convey/gotest",
    "convey/reporting",
  ]
  pruneopts = "UT"
  revision = "505e419363375c0dc132d3ac02632a4ee32199ca"
  version = "v1.6.4"

[[projects]]
  branch = "master"
  digest = "1:4c5fae3d31eb72f59429f9218ff258128ef37edcae9785f93bb9f1609b392c51"
  name = "golang.org/x/image"
  packages = [
    "bmp",
    "tiff",
    "tiff/lzw",
  ]
  pruneopts = "UT"
  revision = "59b11bec70c7cc648cf3cc54683683b76d5b5e6b"

[solve-meta]
  analyzer-name = "dep"
  analyzer-version = 1
  input-imports = [
    "github.com/chromedp/cdproto/inspector",
    "github.com/chromedp/cdproto/runtime",
    "github.com/chromedp/chromedp",
    "github.com/chromedp/chromedp/kb",
    "github.com/smartystreets/goconvey/convey",
  ]
  solver-name = "gps-cdcl"
  solver-version = 1
